{
  "name": "@2sic.com/dnn-sxc-angular",
  "version": "11.01.02",
  "lockfileVersion": 1,
  "requires": true,
  "dependencies": {
    "@2sic.com/2sxc-typings": {
      "version": "14.2.0",
      "resolved": "https://registry.npmjs.org/@2sic.com/2sxc-typings/-/2sxc-typings-14.2.0.tgz",
      "integrity": "sha512-mibdNl5tsFbXUmx2DGt7PTlLwgF3JNKvLrNVlL9ayRpByyH/K6MY7zWlGr+Q0gfiP5ODoTYUFA27DKN55n1Rkg=="
    }
  }
}
