{
  "name": "2sxc-ui",
  "version": "11.04.01",
  "lockfileVersion": 1,
  "requires": true,
  "dependencies": {
    "webpack-shell-plugin": {
      "version": "0.5.0",
      "resolved": "https://registry.npmjs.org/webpack-shell-plugin/-/webpack-shell-plugin-0.5.0.tgz",
      "integrity": "sha1-Kbih2A3erg3bEOcpZn9yhlPCx0I=",
      "dev": true
    },
    "webpack-shell-plugin-next": {
      "version": "1.2.0",
      "resolved": "https://registry.npmjs.org/webpack-shell-plugin-next/-/webpack-shell-plugin-next-1.2.0.tgz",
      "integrity": "sha512-jBLDs436jbKWnLZCqeN4hr7abXx0Tnz6Iwx7ejxh1h4JSmsnc82kGOBC63U6RKl0F6bvaXFsUOiIKV+DFKNxNw==",
      "dev": true
    }
  }
}
