{
  "name": "@2sic.com/2sxc-typings",
  "version": "14.01.00",
  "lockfileVersion": 2,
  "requires": true,
  "packages": {
    "": {
      "name": "@2sic.com/2sxc-typings",
      "version": "14.01.00",
      "license": "MIT",
      "devDependencies": {
        "@types/jquery": "^2.0.33"
      }
    },
    "node_modules/@types/jquery": {
      "version": "2.0.33",
      "resolved": "https://registry.npmjs.org/@types/jquery/-/jquery-2.0.33.tgz",
      "integrity": "sha512-Jc9qQ2YPtImpbUQw7jk9aCztcuoKgmlYNphQHpcgxPiqa6utj7k8wzFAJyt7vep0YkLYVKXsCApoGGwOuAbPMA==",
      "dev": true
    }
  },
  "dependencies": {
    "@types/jquery": {
      "version": "2.0.33",
      "resolved": "https://registry.npmjs.org/@types/jquery/-/jquery-2.0.33.tgz",
      "integrity": "sha512-Jc9qQ2YPtImpbUQw7jk9aCztcuoKgmlYNphQHpcgxPiqa6utj7k8wzFAJyt7vep0YkLYVKXsCApoGGwOuAbPMA==",
      "dev": true
    }
  }
}
