{
  "name": "@2sic.com/sxc-angular",
  "version": "18.00.00",
  "lockfileVersion": 2,
  "requires": true,
  "packages": {
    "": {
      "name": "@2sic.com/sxc-angular",
      "version": "18.00.00",
      "license": "MIT",
      "dependencies": {
        "@2sic.com/2sxc-typings": "^14.7.3",
        "tslib": "^2.0.0"
      },
      "peerDependencies": {
        "@angular/common": ">=18.0.0",
        "@angular/core": ">=18.0.0",
        "@angular/platform-browser": ">=18.0.0",
        "rxjs": ">=7.0.0"
      }
    },
    "node_modules/@2sic.com/2sxc-typings": {
      "version": "14.7.3",
      "resolved": "https://registry.npmjs.org/@2sic.com/2sxc-typings/-/2sxc-typings-14.7.3.tgz",
      "integrity": "sha512-iPbPHlIxt2aBbqMs8TmD15SJWI7Bn6hG2ABO4tBwv6UGm+9HXEak2/jmWDKzCcjpgxiVtxzR7VwZeXotCJAcnA=="
    },
    "node_modules/@angular/common": {
      "version": "21.0.6",
      "resolved": "https://registry.npmjs.org/@angular/common/-/common-21.0.6.tgz",
      "integrity": "sha512-Yd8PF0dR37FAzqEcBHAyVCiSGMJOezSJe6rV/4BC6AVLfaZ7oZLl8CNVxKsod2UHd6rKxt1hzx05QdVcVvYNeA==",
      "peer": true,
      "dependencies": {
        "tslib": "^2.3.0"
      },
      "engines": {
        "node": "^20.19.0 || ^22.12.0 || >=24.0.0"
      },
      "peerDependencies": {
        "@angular/core": "21.0.6",
        "rxjs": "^6.5.3 || ^7.4.0"
      }
    },
    "node_modules/@angular/core": {
      "version": "21.0.6",
      "resolved": "https://registry.npmjs.org/@angular/core/-/core-21.0.6.tgz",
      "integrity": "sha512-SvWbOkkrsqprYJSBmzQEWkWjfZB/jkRYyFp2ClMJBPqOLxP1a+i3Om2rolcNQjZPz87bs9FszwgRlXUy7sw5cQ==",
      "peer": true,
      "dependencies": {
        "tslib": "^2.3.0"
      },
      "engines": {
        "node": "^20.19.0 || ^22.12.0 || >=24.0.0"
      },
      "peerDependencies": {
        "@angular/compiler": "21.0.6",
        "rxjs": "^6.5.3 || ^7.4.0",
        "zone.js": "~0.15.0 || ~0.16.0"
      },
      "peerDependenciesMeta": {
        "@angular/compiler": {
          "optional": true
        },
        "zone.js": {
          "optional": true
        }
      }
    },
    "node_modules/@angular/platform-browser": {
      "version": "21.0.6",
      "resolved": "https://registry.npmjs.org/@angular/platform-browser/-/platform-browser-21.0.6.tgz",
      "integrity": "sha512-tPk8rlUEBPXIUPRYq6Xu7QhJgKtnVr0dOHHuhyi70biKTupr5VikpZC5X9dy2Q3H3zYbK6MHC6384YMuwfU2kg==",
      "peer": true,
      "dependencies": {
        "tslib": "^2.3.0"
      },
      "engines": {
        "node": "^20.19.0 || ^22.12.0 || >=24.0.0"
      },
      "peerDependencies": {
        "@angular/animations": "21.0.6",
        "@angular/common": "21.0.6",
        "@angular/core": "21.0.6"
      },
      "peerDependenciesMeta": {
        "@angular/animations": {
          "optional": true
        }
      }
    },
    "node_modules/rxjs": {
      "version": "7.5.5",
      "resolved": "https://registry.npmjs.org/rxjs/-/rxjs-7.5.5.tgz",
      "integrity": "sha512-sy+H0pQofO95VDmFLzyaw9xNJU4KTRSwQIGM6+iG3SypAtCiLDzpeG8sJrNCWn2Up9km+KhkvTdbkrdy+yzZdw==",
      "peer": true,
      "dependencies": {
        "tslib": "^2.1.0"
      }
    },
    "node_modules/tslib": {
      "version": "2.4.0",
      "resolved": "https://registry.npmjs.org/tslib/-/tslib-2.4.0.tgz",
      "integrity": "sha512-d6xOpEDfsi2CZVlPQzGeux8XMwLT9hssAsaPYExaQMuYskwb+x1x7J371tWlbBdWHroy99KnVB6qIkUbs5X3UQ=="
    }
  },
  "dependencies": {
    "@2sic.com/2sxc-typings": {
      "version": "14.7.3",
      "resolved": "https://registry.npmjs.org/@2sic.com/2sxc-typings/-/2sxc-typings-14.7.3.tgz",
      "integrity": "sha512-iPbPHlIxt2aBbqMs8TmD15SJWI7Bn6hG2ABO4tBwv6UGm+9HXEak2/jmWDKzCcjpgxiVtxzR7VwZeXotCJAcnA=="
    },
    "@angular/common": {
      "version": "21.0.6",
      "resolved": "https://registry.npmjs.org/@angular/common/-/common-21.0.6.tgz",
      "integrity": "sha512-Yd8PF0dR37FAzqEcBHAyVCiSGMJOezSJe6rV/4BC6AVLfaZ7oZLl8CNVxKsod2UHd6rKxt1hzx05QdVcVvYNeA==",
      "peer": true,
      "requires": {
        "tslib": "^2.3.0"
      }
    },
    "@angular/core": {
      "version": "21.0.6",
      "resolved": "https://registry.npmjs.org/@angular/core/-/core-21.0.6.tgz",
      "integrity": "sha512-SvWbOkkrsqprYJSBmzQEWkWjfZB/jkRYyFp2ClMJBPqOLxP1a+i3Om2rolcNQjZPz87bs9FszwgRlXUy7sw5cQ==",
      "peer": true,
      "requires": {
        "tslib": "^2.3.0"
      }
    },
    "@angular/platform-browser": {
      "version": "21.0.6",
      "resolved": "https://registry.npmjs.org/@angular/platform-browser/-/platform-browser-21.0.6.tgz",
      "integrity": "sha512-tPk8rlUEBPXIUPRYq6Xu7QhJgKtnVr0dOHHuhyi70biKTupr5VikpZC5X9dy2Q3H3zYbK6MHC6384YMuwfU2kg==",
      "peer": true,
      "requires": {
        "tslib": "^2.3.0"
      }
    },
    "rxjs": {
      "version": "7.5.5",
      "resolved": "https://registry.npmjs.org/rxjs/-/rxjs-7.5.5.tgz",
      "integrity": "sha512-sy+H0pQofO95VDmFLzyaw9xNJU4KTRSwQIGM6+iG3SypAtCiLDzpeG8sJrNCWn2Up9km+KhkvTdbkrdy+yzZdw==",
      "peer": true,
      "requires": {
        "tslib": "^2.1.0"
      }
    },
    "tslib": {
      "version": "2.4.0",
      "resolved": "https://registry.npmjs.org/tslib/-/tslib-2.4.0.tgz",
      "integrity": "sha512-d6xOpEDfsi2CZVlPQzGeux8XMwLT9hssAsaPYExaQMuYskwb+x1x7J371tWlbBdWHroy99KnVB6qIkUbs5X3UQ=="
    }
  }
}
