{
  "name": "@2sic.com/sxc-angular",
  "version": "22.0.1",
  "lockfileVersion": 2,
  "requires": true,
  "packages": {
    "": {
      "name": "@2sic.com/sxc-angular",
      "version": "22.0.1",
      "license": "MIT",
      "dependencies": {
        "@2sic.com/2sxc-typings": "^22.0.0",
        "tslib": "^2.0.0"
      },
      "peerDependencies": {
        "@angular/common": ">=18.0.0",
        "@angular/core": ">=18.0.0",
        "rxjs": ">=7.0.0"
      }
    },
    "node_modules/@2sic.com/2sxc-typings": {
      "version": "22.0.0",
      "resolved": "https://registry.npmjs.org/@2sic.com/2sxc-typings/-/2sxc-typings-22.0.0.tgz",
      "integrity": "sha512-YwvTW71+ZB/yLCfL0PSZLYfr8N1lGfx3ePkSprUh/GRFrVsq8Wb36A4dJgIbr+7gxNy0obFawdtbiq1V4aX7pA==",
      "license": "MIT"
    },
    "node_modules/@angular/common": {
      "version": "22.2.0",
      "resolved": "https://registry.npmjs.org/@angular/common/-/common-22.2.0.tgz",
      "integrity": "sha512-BUKkncKwnaEcF/qatBOpzSIx2NthFZLYlTcE7iHwwsw+XQrwB9hU8Ca/l5HqaTJiMg0D8MjI/SWHnD4LFtNN+w==",
      "license": "MIT",
      "peer": true,
      "dependencies": {
        "tslib": "^2.3.0"
      },
      "engines": {
        "node": "^22.22.3 || ^24.15.0 || >=26.0.0"
      },
      "peerDependencies": {
        "@angular/core": "22.2.0",
        "rxjs": "^6.5.3 || ^7.4.0"
      }
    },
    "node_modules/@angular/core": {
      "version": "22.2.0",
      "resolved": "https://registry.npmjs.org/@angular/core/-/core-22.2.0.tgz",
      "integrity": "sha512-VhAgJ4GCdGgAy9+zADpSyEM9gt4pKg6+cqNeK3RBNeF3M3B8y7AWfD/nYRdM3Xzi152Pu+ipgFFNHpupCLTsvQ==",
      "license": "MIT",
      "peer": true,
      "dependencies": {
        "tslib": "^2.3.0"
      },
      "engines": {
        "node": "^22.22.3 || ^24.15.0 || >=26.0.0"
      },
      "peerDependencies": {
        "@angular/compiler": "22.2.0",
        "rxjs": "^6.5.3 || ^7.4.0",
        "zone.js": "~0.15.0 || ~0.16.0"
      },
      "peerDependenciesMeta": {
        "@angular/compiler": {
          "optional": true
        },
        "zone.js": {
          "optional": true
        }
      }
    },
    "node_modules/rxjs": {
      "version": "7.5.5",
      "resolved": "https://registry.npmjs.org/rxjs/-/rxjs-7.5.5.tgz",
      "integrity": "sha512-sy+H0pQofO95VDmFLzyaw9xNJU4KTRSwQIGM6+iG3SypAtCiLDzpeG8sJrNCWn2Up9km+KhkvTdbkrdy+yzZdw==",
      "peer": true,
      "dependencies": {
        "tslib": "^2.1.0"
      }
    },
    "node_modules/tslib": {
      "version": "2.4.0",
      "resolved": "https://registry.npmjs.org/tslib/-/tslib-2.4.0.tgz",
      "integrity": "sha512-d6xOpEDfsi2CZVlPQzGeux8XMwLT9hssAsaPYExaQMuYskwb+x1x7J371tWlbBdWHroy99KnVB6qIkUbs5X3UQ=="
    }
  },
  "dependencies": {
    "@2sic.com/2sxc-typings": {
      "version": "22.0.0",
      "resolved": "https://registry.npmjs.org/@2sic.com/2sxc-typings/-/2sxc-typings-22.0.0.tgz",
      "integrity": "sha512-YwvTW71+ZB/yLCfL0PSZLYfr8N1lGfx3ePkSprUh/GRFrVsq8Wb36A4dJgIbr+7gxNy0obFawdtbiq1V4aX7pA=="
    },
    "@angular/common": {
      "version": "22.2.0",
      "resolved": "https://registry.npmjs.org/@angular/common/-/common-22.2.0.tgz",
      "integrity": "sha512-BUKkncKwnaEcF/qatBOpzSIx2NthFZLYlTcE7iHwwsw+XQrwB9hU8Ca/l5HqaTJiMg0D8MjI/SWHnD4LFtNN+w==",
      "peer": true,
      "requires": {
        "tslib": "^2.3.0"
      }
    },
    "@angular/core": {
      "version": "22.2.0",
      "resolved": "https://registry.npmjs.org/@angular/core/-/core-22.2.0.tgz",
      "integrity": "sha512-VhAgJ4GCdGgAy9+zADpSyEM9gt4pKg6+cqNeK3RBNeF3M3B8y7AWfD/nYRdM3Xzi152Pu+ipgFFNHpupCLTsvQ==",
      "peer": true,
      "requires": {
        "tslib": "^2.3.0"
      }
    },
    "rxjs": {
      "version": "7.5.5",
      "resolved": "https://registry.npmjs.org/rxjs/-/rxjs-7.5.5.tgz",
      "integrity": "sha512-sy+H0pQofO95VDmFLzyaw9xNJU4KTRSwQIGM6+iG3SypAtCiLDzpeG8sJrNCWn2Up9km+KhkvTdbkrdy+yzZdw==",
      "peer": true,
      "requires": {
        "tslib": "^2.1.0"
      }
    },
    "tslib": {
      "version": "2.4.0",
      "resolved": "https://registry.npmjs.org/tslib/-/tslib-2.4.0.tgz",
      "integrity": "sha512-d6xOpEDfsi2CZVlPQzGeux8XMwLT9hssAsaPYExaQMuYskwb+x1x7J371tWlbBdWHroy99KnVB6qIkUbs5X3UQ=="
    }
  }
}
