{
  "name": "turnon-deploy",
  "version": "1.0.0",
  "lockfileVersion": 2,
  "requires": true,
  "packages": {
    "": {
      "name": "turnon-deploy",
      "version": "1.0.0",
      "license": "MIT",
      "devDependencies": {
        "turn-on": "github:2sic/turnOn"
      }
    },
    "node_modules/turn-on": {
      "version": "0.2.0",
      "resolved": "git+ssh://git@github.com/2sic/turnOn.git#3b1c85e3f4d7bc43fc6805638fc2dbae8b29d8ee",
      "dev": true,
      "license": "ISC"
    }
  },
  "dependencies": {
    "turn-on": {
      "version": "git+ssh://git@github.com/2sic/turnOn.git#3b1c85e3f4d7bc43fc6805638fc2dbae8b29d8ee",
      "dev": true,
      "from": "turn-on@github:2sic/turnOn"
    }
  }
}
